
Microsoft Visual Studio Solution File, Format Version 12.00
# Visual Studio 14
VisualStudioVersion = 14.0.25420.1
MinimumVisualStudioVersion = 10.0.40219.1
Project("{8BC9CEB8-8B4A-11D0-8D11-00A0C91BC942}") = "ComScheduledTask", "ComScheduledTask.vcxproj", "{6B8BC381-8191-4B7C-BB29-5248A6C2C7D0}"
EndProject
Project("{8BC9CEB8-8B4A-11D0-8D11-00A0C91BC942}") = "UnitTests", "UnitTests\UnitTests.vcxproj", "{7814CD25-2719-435B-B510-AE88B9DF8F87}"
	ProjectSection(ProjectDependencies) = postProject
		{6B8BC381-8191-4B7C-BB29-5248A6C2C7D0} = {6B8BC381-8191-4B7C-BB29-5248A6C2C7D0}
	EndProjectSection
EndProject
Global
	GlobalSection(SolutionConfigurationPlatforms) = preSolution
		Debug|x64 = Debug|x64
		Debug|x86 = Debug|x86
		Release|x64 = Release|x64
		Release|x86 = Release|x86
	EndGlobalSection
	GlobalSection(ProjectConfigurationPlatforms) = postSolution
		{6B8BC381-8191-4B7C-BB29-5248A6C2C7D0}.Debug|x64.ActiveCfg = Debug|x64
		{6B8BC381-8191-4B7C-BB29-5248A6C2C7D0}.Debug|x64.Build.0 = Debug|x64
		{6B8BC381-8191-4B7C-BB29-5248A6C2C7D0}.Debug|x86.ActiveCfg = Debug|Win32
		{6B8BC381-8191-4B7C-BB29-5248A6C2C7D0}.Debug|x86.Build.0 = Debug|Win32
		{6B8BC381-8191-4B7C-BB29-5248A6C2C7D0}.Release|x64.ActiveCfg = Release|x64
		{6B8BC381-8191-4B7C-BB29-5248A6C2C7D0}.Release|x64.Build.0 = Release|x64
		{6B8BC381-8191-4B7C-BB29-5248A6C2C7D0}.Release|x86.ActiveCfg = Release|Win32
		{6B8BC381-8191-4B7C-BB29-5248A6C2C7D0}.Release|x86.Build.0 = Release|Win32
		{7814CD25-2719-435B-B510-AE88B9DF8F87}.Debug|x64.ActiveCfg = Debug|x64
		{7814CD25-2719-435B-B510-AE88B9DF8F87}.Debug|x64.Build.0 = Debug|x64
		{7814CD25-2719-435B-B510-AE88B9DF8F87}.Debug|x86.ActiveCfg = Debug|Win32
		{7814CD25-2719-435B-B510-AE88B9DF8F87}.Debug|x86.Build.0 = Debug|Win32
		{7814CD25-2719-435B-B510-AE88B9DF8F87}.Release|x64.ActiveCfg = Release|x64
		{7814CD25-2719-435B-B510-AE88B9DF8F87}.Release|x64.Build.0 = Release|x64
		{7814CD25-2719-435B-B510-AE88B9DF8F87}.Release|x86.ActiveCfg = Release|Win32
		{7814CD25-2719-435B-B510-AE88B9DF8F87}.Release|x86.Build.0 = Release|Win32
	EndGlobalSection
	GlobalSection(SolutionProperties) = preSolution
		HideSolutionNode = FALSE
	EndGlobalSection
EndGlobal
